
Microsoft Visual Studio Solution File, Format Version 12.00
# Visual Studio Version 16
VisualStudioVersion = 16.0.32413.511
MinimumVisualStudioVersion = 10.0.40219.1
Project("{FAE04EC0-301F-11D3-BF4B-00C04F79EFBC}") = "Bloodgroupp", "Bloodgroupp\Bloodgroupp.csproj", "{4AE2CD51-8F27-4F03-B0DD-9EF8B6AE7C09}"
EndProject
Global
	GlobalSection(SolutionConfigurationPlatforms) = preSolution
		Debug|Any CPU = Debug|Any CPU
		Release|Any CPU = Release|Any CPU
	EndGlobalSection
	GlobalSection(ProjectConfigurationPlatforms) = postSolution
		{4AE2CD51-8F27-4F03-B0DD-9EF8B6AE7C09}.Debug|Any CPU.ActiveCfg = Debug|Any CPU
		{4AE2CD51-8F27-4F03-B0DD-9EF8B6AE7C09}.Debug|Any CPU.Build.0 = Debug|Any CPU
		{4AE2CD51-8F27-4F03-B0DD-9EF8B6AE7C09}.Release|Any CPU.ActiveCfg = Release|Any CPU
		{4AE2CD51-8F27-4F03-B0DD-9EF8B6AE7C09}.Release|Any CPU.Build.0 = Release|Any CPU
	EndGlobalSection
	GlobalSection(SolutionProperties) = preSolution
		HideSolutionNode = FALSE
	EndGlobalSection
	GlobalSection(ExtensibilityGlobals) = postSolution
		SolutionGuid = {CB2D7876-4710-4CE5-9A33-09332D4F550A}
	EndGlobalSection
EndGlobal
