
Microsoft Visual Studio Solution File, Format Version 12.00
# Visual Studio Version 16
VisualStudioVersion = 16.0.32413.511
MinimumVisualStudioVersion = 10.0.40219.1
Project("{FAE04EC0-301F-11D3-BF4B-00C04F79EFBC}") = "LABC1", "LABC1\LABC1.csproj", "{4C6442EC-E78B-4FD7-8031-8A26D8F10C3E}"
EndProject
Global
	GlobalSection(SolutionConfigurationPlatforms) = preSolution
		Debug|Any CPU = Debug|Any CPU
		Release|Any CPU = Release|Any CPU
	EndGlobalSection
	GlobalSection(ProjectConfigurationPlatforms) = postSolution
		{4C6442EC-E78B-4FD7-8031-8A26D8F10C3E}.Debug|Any CPU.ActiveCfg = Debug|Any CPU
		{4C6442EC-E78B-4FD7-8031-8A26D8F10C3E}.Debug|Any CPU.Build.0 = Debug|Any CPU
		{4C6442EC-E78B-4FD7-8031-8A26D8F10C3E}.Release|Any CPU.ActiveCfg = Release|Any CPU
		{4C6442EC-E78B-4FD7-8031-8A26D8F10C3E}.Release|Any CPU.Build.0 = Release|Any CPU
	EndGlobalSection
	GlobalSection(SolutionProperties) = preSolution
		HideSolutionNode = FALSE
	EndGlobalSection
	GlobalSection(ExtensibilityGlobals) = postSolution
		SolutionGuid = {EE9C2EA2-02ED-4FEC-92F4-B581D8FEE644}
	EndGlobalSection
EndGlobal
