
Microsoft Visual Studio Solution File, Format Version 12.00
# Visual Studio Version 16
VisualStudioVersion = 16.0.32413.511
MinimumVisualStudioVersion = 10.0.40219.1
Project("{FAE04EC0-301F-11D3-BF4B-00C04F79EFBC}") = "Experiencee", "Experiencee\Experiencee.csproj", "{9E1FEC67-0DEC-4958-B25F-DD2AF0A94ECE}"
EndProject
Global
	GlobalSection(SolutionConfigurationPlatforms) = preSolution
		Debug|Any CPU = Debug|Any CPU
		Release|Any CPU = Release|Any CPU
	EndGlobalSection
	GlobalSection(ProjectConfigurationPlatforms) = postSolution
		{9E1FEC67-0DEC-4958-B25F-DD2AF0A94ECE}.Debug|Any CPU.ActiveCfg = Debug|Any CPU
		{9E1FEC67-0DEC-4958-B25F-DD2AF0A94ECE}.Debug|Any CPU.Build.0 = Debug|Any CPU
		{9E1FEC67-0DEC-4958-B25F-DD2AF0A94ECE}.Release|Any CPU.ActiveCfg = Release|Any CPU
		{9E1FEC67-0DEC-4958-B25F-DD2AF0A94ECE}.Release|Any CPU.Build.0 = Release|Any CPU
	EndGlobalSection
	GlobalSection(SolutionProperties) = preSolution
		HideSolutionNode = FALSE
	EndGlobalSection
	GlobalSection(ExtensibilityGlobals) = postSolution
		SolutionGuid = {8F64C0E0-2C6E-4CD6-AD9F-87186E1F39CA}
	EndGlobalSection
EndGlobal
