
Microsoft Visual Studio Solution File, Format Version 12.00
# Visual Studio Version 16
VisualStudioVersion = 25.0.1700.0
MinimumVisualStudioVersion = 10.0.40219.1
Project("{FAE04EC0-301F-11D3-BF4B-00C04F79EFBC}") = "Titullii", "Titullii.csproj", "{8D33338F-D123-4B4B-8B27-7E5521FDA382}"
EndProject
Global
	GlobalSection(SolutionConfigurationPlatforms) = preSolution
		Debug|Any CPU = Debug|Any CPU
		Release|Any CPU = Release|Any CPU
	EndGlobalSection
	GlobalSection(ProjectConfigurationPlatforms) = postSolution
		{8D33338F-D123-4B4B-8B27-7E5521FDA382}.Debug|Any CPU.ActiveCfg = Debug|Any CPU
		{8D33338F-D123-4B4B-8B27-7E5521FDA382}.Debug|Any CPU.Build.0 = Debug|Any CPU
		{8D33338F-D123-4B4B-8B27-7E5521FDA382}.Release|Any CPU.ActiveCfg = Release|Any CPU
		{8D33338F-D123-4B4B-8B27-7E5521FDA382}.Release|Any CPU.Build.0 = Release|Any CPU
	EndGlobalSection
	GlobalSection(SolutionProperties) = preSolution
		HideSolutionNode = FALSE
	EndGlobalSection
	GlobalSection(ExtensibilityGlobals) = postSolution
		SolutionGuid = {EF60E3D7-378D-484F-9CF8-B0A31E154D89}
	EndGlobalSection
EndGlobal
