
Microsoft Visual Studio Solution File, Format Version 12.00
# Visual Studio Version 16
VisualStudioVersion = 25.0.1700.0
MinimumVisualStudioVersion = 10.0.40219.1
Project("{FAE04EC0-301F-11D3-BF4B-00C04F79EFBC}") = "Spitalii", "Spitalii.csproj", "{EE697744-2C00-4C3C-9192-7F52E791482A}"
EndProject
Global
	GlobalSection(SolutionConfigurationPlatforms) = preSolution
		Debug|Any CPU = Debug|Any CPU
		Release|Any CPU = Release|Any CPU
	EndGlobalSection
	GlobalSection(ProjectConfigurationPlatforms) = postSolution
		{EE697744-2C00-4C3C-9192-7F52E791482A}.Debug|Any CPU.ActiveCfg = Debug|Any CPU
		{EE697744-2C00-4C3C-9192-7F52E791482A}.Debug|Any CPU.Build.0 = Debug|Any CPU
		{EE697744-2C00-4C3C-9192-7F52E791482A}.Release|Any CPU.ActiveCfg = Release|Any CPU
		{EE697744-2C00-4C3C-9192-7F52E791482A}.Release|Any CPU.Build.0 = Release|Any CPU
	EndGlobalSection
	GlobalSection(SolutionProperties) = preSolution
		HideSolutionNode = FALSE
	EndGlobalSection
	GlobalSection(ExtensibilityGlobals) = postSolution
		SolutionGuid = {EAAC59FD-F4D2-43B4-8591-869BD074A10E}
	EndGlobalSection
EndGlobal
