
Microsoft Visual Studio Solution File, Format Version 12.00
# Visual Studio Version 16
VisualStudioVersion = 16.0.32413.511
MinimumVisualStudioVersion = 10.0.40219.1
Project("{FAE04EC0-301F-11D3-BF4B-00C04F79EFBC}") = "AppointmentTypess", "AppointmentTypess\AppointmentTypess.csproj", "{4BCC0242-4D83-452D-92C4-03E0493D48BA}"
EndProject
Global
	GlobalSection(SolutionConfigurationPlatforms) = preSolution
		Debug|Any CPU = Debug|Any CPU
		Release|Any CPU = Release|Any CPU
	EndGlobalSection
	GlobalSection(ProjectConfigurationPlatforms) = postSolution
		{4BCC0242-4D83-452D-92C4-03E0493D48BA}.Debug|Any CPU.ActiveCfg = Debug|Any CPU
		{4BCC0242-4D83-452D-92C4-03E0493D48BA}.Debug|Any CPU.Build.0 = Debug|Any CPU
		{4BCC0242-4D83-452D-92C4-03E0493D48BA}.Release|Any CPU.ActiveCfg = Release|Any CPU
		{4BCC0242-4D83-452D-92C4-03E0493D48BA}.Release|Any CPU.Build.0 = Release|Any CPU
	EndGlobalSection
	GlobalSection(SolutionProperties) = preSolution
		HideSolutionNode = FALSE
	EndGlobalSection
	GlobalSection(ExtensibilityGlobals) = postSolution
		SolutionGuid = {A2AFEF7F-0DBA-4C49-8DA7-7E6D73C92540}
	EndGlobalSection
EndGlobal
